
Microsoft Visual Studio Solution File, Format Version 12.00
# Visual Studio 15
Project("{FAE04EC0-301F-11D3-BF4B-00C04F79EFBC}") = "Assembly-CSharp", "Assembly-CSharp.csproj", "{5A4F7A23-A347-C91A-54DC-1A95187D9F0F}"
EndProject
Project("{FAE04EC0-301F-11D3-BF4B-00C04F79EFBC}") = "Assembly-CSharp-Editor", "Assembly-CSharp-Editor.csproj", "{6CC7BF61-9015-03E8-A227-203242EAE8D3}"
EndProject
Global
	GlobalSection(SolutionConfigurationPlatforms) = preSolution
		Debug|Any CPU = Debug|Any CPU
		Release|Any CPU = Release|Any CPU
	EndGlobalSection
	GlobalSection(ProjectConfigurationPlatforms) = postSolution
		{5A4F7A23-A347-C91A-54DC-1A95187D9F0F}.Debug|Any CPU.ActiveCfg = Debug|Any CPU
		{5A4F7A23-A347-C91A-54DC-1A95187D9F0F}.Debug|Any CPU.Build.0 = Debug|Any CPU
		{5A4F7A23-A347-C91A-54DC-1A95187D9F0F}.Release|Any CPU.ActiveCfg = Release|Any CPU
		{5A4F7A23-A347-C91A-54DC-1A95187D9F0F}.Release|Any CPU.Build.0 = Release|Any CPU
		{6CC7BF61-9015-03E8-A227-203242EAE8D3}.Debug|Any CPU.ActiveCfg = Debug|Any CPU
		{6CC7BF61-9015-03E8-A227-203242EAE8D3}.Debug|Any CPU.Build.0 = Debug|Any CPU
		{6CC7BF61-9015-03E8-A227-203242EAE8D3}.Release|Any CPU.ActiveCfg = Release|Any CPU
		{6CC7BF61-9015-03E8-A227-203242EAE8D3}.Release|Any CPU.Build.0 = Release|Any CPU
	EndGlobalSection
	GlobalSection(SolutionProperties) = preSolution
		HideSolutionNode = FALSE
	EndGlobalSection
EndGlobal
